
Microsoft Visual Studio Solution File, Format Version 12.00
# Visual Studio 15
VisualStudioVersion = 15.0.28307.271
MinimumVisualStudioVersion = 10.0.40219.1
Project("{FAE04EC0-301F-11D3-BF4B-00C04F79EFBC}") = "AprederBootstrap4", "AprederBootstrap4\AprederBootstrap4.csproj", "{AE684B78-A304-434A-8C86-37FD2E706646}"
EndProject
Global
	GlobalSection(SolutionConfigurationPlatforms) = preSolution
		Debug|Any CPU = Debug|Any CPU
		Release|Any CPU = Release|Any CPU
	EndGlobalSection
	GlobalSection(ProjectConfigurationPlatforms) = postSolution
		{AE684B78-A304-434A-8C86-37FD2E706646}.Debug|Any CPU.ActiveCfg = Debug|Any CPU
		{AE684B78-A304-434A-8C86-37FD2E706646}.Debug|Any CPU.Build.0 = Debug|Any CPU
		{AE684B78-A304-434A-8C86-37FD2E706646}.Release|Any CPU.ActiveCfg = Release|Any CPU
		{AE684B78-A304-434A-8C86-37FD2E706646}.Release|Any CPU.Build.0 = Release|Any CPU
	EndGlobalSection
	GlobalSection(SolutionProperties) = preSolution
		HideSolutionNode = FALSE
	EndGlobalSection
	GlobalSection(ExtensibilityGlobals) = postSolution
		SolutionGuid = {C8ECA1EE-402E-482A-93B1-015601FBC125}
	EndGlobalSection
EndGlobal
